
Microsoft Visual Studio Solution File, Format Version 12.00
# Visual Studio Version 16
VisualStudioVersion = 16.0.30804.86
MinimumVisualStudioVersion = 15.0.26124.0
Project("{9A19103F-16F7-4668-BE54-9A1E7A4F7556}") = "Common", "Common\Common.csproj", "{3EEC4D0B-874E-49B6-8661-5F4B7F2D61E2}"
EndProject
Project("{9A19103F-16F7-4668-BE54-9A1E7A4F7556}") = "AuthApi", "AuthApi\AuthApi.csproj", "{91012F02-2111-446D-B783-7961BA3E897C}"
EndProject
Project("{9A19103F-16F7-4668-BE54-9A1E7A4F7556}") = "TicketsApi", "TicketsApi\TicketsApi.csproj", "{6BFF4F8A-A924-4032-AF50-917DB5690880}"
EndProject
Project("{9A19103F-16F7-4668-BE54-9A1E7A4F7556}") = "OrdersApi", "OrdersApi\OrdersApi.csproj", "{0E7213BA-7734-4514-8E58-0CA65A4DE96C}"
EndProject
Project("{9A19103F-16F7-4668-BE54-9A1E7A4F7556}") = "PaymentsApi", "PaymentsApi\PaymentsApi.csproj", "{8A933DBE-962D-44B8-9AB8-872AF78A9E29}"
EndProject
Project("{FAE04EC0-301F-11D3-BF4B-00C04F79EFBC}") = "ExpirationSvc", "ExpirationSvc\ExpirationSvc.csproj", "{7D89F4CD-59B7-4837-AC78-783C64CDD91D}"
EndProject
Global
	GlobalSection(SolutionConfigurationPlatforms) = preSolution
		Debug|Any CPU = Debug|Any CPU
		Debug|x64 = Debug|x64
		Debug|x86 = Debug|x86
		Release|Any CPU = Release|Any CPU
		Release|x64 = Release|x64
		Release|x86 = Release|x86
	EndGlobalSection
	GlobalSection(ProjectConfigurationPlatforms) = postSolution
		{3EEC4D0B-874E-49B6-8661-5F4B7F2D61E2}.Debug|Any CPU.ActiveCfg = Debug|Any CPU
		{3EEC4D0B-874E-49B6-8661-5F4B7F2D61E2}.Debug|Any CPU.Build.0 = Debug|Any CPU
		{3EEC4D0B-874E-49B6-8661-5F4B7F2D61E2}.Debug|x64.ActiveCfg = Debug|Any CPU
		{3EEC4D0B-874E-49B6-8661-5F4B7F2D61E2}.Debug|x64.Build.0 = Debug|Any CPU
		{3EEC4D0B-874E-49B6-8661-5F4B7F2D61E2}.Debug|x86.ActiveCfg = Debug|Any CPU
		{3EEC4D0B-874E-49B6-8661-5F4B7F2D61E2}.Debug|x86.Build.0 = Debug|Any CPU
		{3EEC4D0B-874E-49B6-8661-5F4B7F2D61E2}.Release|Any CPU.ActiveCfg = Release|Any CPU
		{3EEC4D0B-874E-49B6-8661-5F4B7F2D61E2}.Release|Any CPU.Build.0 = Release|Any CPU
		{3EEC4D0B-874E-49B6-8661-5F4B7F2D61E2}.Release|x64.ActiveCfg = Release|Any CPU
		{3EEC4D0B-874E-49B6-8661-5F4B7F2D61E2}.Release|x64.Build.0 = Release|Any CPU
		{3EEC4D0B-874E-49B6-8661-5F4B7F2D61E2}.Release|x86.ActiveCfg = Release|Any CPU
		{3EEC4D0B-874E-49B6-8661-5F4B7F2D61E2}.Release|x86.Build.0 = Release|Any CPU
		{91012F02-2111-446D-B783-7961BA3E897C}.Debug|Any CPU.ActiveCfg = Debug|Any CPU
		{91012F02-2111-446D-B783-7961BA3E897C}.Debug|Any CPU.Build.0 = Debug|Any CPU
		{91012F02-2111-446D-B783-7961BA3E897C}.Debug|x64.ActiveCfg = Debug|Any CPU
		{91012F02-2111-446D-B783-7961BA3E897C}.Debug|x64.Build.0 = Debug|Any CPU
		{91012F02-2111-446D-B783-7961BA3E897C}.Debug|x86.ActiveCfg = Debug|Any CPU
		{91012F02-2111-446D-B783-7961BA3E897C}.Debug|x86.Build.0 = Debug|Any CPU
		{91012F02-2111-446D-B783-7961BA3E897C}.Release|Any CPU.ActiveCfg = Release|Any CPU
		{91012F02-2111-446D-B783-7961BA3E897C}.Release|Any CPU.Build.0 = Release|Any CPU
		{91012F02-2111-446D-B783-7961BA3E897C}.Release|x64.ActiveCfg = Release|Any CPU
		{91012F02-2111-446D-B783-7961BA3E897C}.Release|x64.Build.0 = Release|Any CPU
		{91012F02-2111-446D-B783-7961BA3E897C}.Release|x86.ActiveCfg = Release|Any CPU
		{91012F02-2111-446D-B783-7961BA3E897C}.Release|x86.Build.0 = Release|Any CPU
		{6BFF4F8A-A924-4032-AF50-917DB5690880}.Debug|Any CPU.ActiveCfg = Debug|Any CPU
		{6BFF4F8A-A924-4032-AF50-917DB5690880}.Debug|Any CPU.Build.0 = Debug|Any CPU
		{6BFF4F8A-A924-4032-AF50-917DB5690880}.Debug|x64.ActiveCfg = Debug|Any CPU
		{6BFF4F8A-A924-4032-AF50-917DB5690880}.Debug|x64.Build.0 = Debug|Any CPU
		{6BFF4F8A-A924-4032-AF50-917DB5690880}.Debug|x86.ActiveCfg = Debug|Any CPU
		{6BFF4F8A-A924-4032-AF50-917DB5690880}.Debug|x86.Build.0 = Debug|Any CPU
		{6BFF4F8A-A924-4032-AF50-917DB5690880}.Release|Any CPU.ActiveCfg = Release|Any CPU
		{6BFF4F8A-A924-4032-AF50-917DB5690880}.Release|Any CPU.Build.0 = Release|Any CPU
		{6BFF4F8A-A924-4032-AF50-917DB5690880}.Release|x64.ActiveCfg = Release|Any CPU
		{6BFF4F8A-A924-4032-AF50-917DB5690880}.Release|x64.Build.0 = Release|Any CPU
		{6BFF4F8A-A924-4032-AF50-917DB5690880}.Release|x86.ActiveCfg = Release|Any CPU
		{6BFF4F8A-A924-4032-AF50-917DB5690880}.Release|x86.Build.0 = Release|Any CPU
		{0E7213BA-7734-4514-8E58-0CA65A4DE96C}.Debug|Any CPU.ActiveCfg = Debug|Any CPU
		{0E7213BA-7734-4514-8E58-0CA65A4DE96C}.Debug|Any CPU.Build.0 = Debug|Any CPU
		{0E7213BA-7734-4514-8E58-0CA65A4DE96C}.Debug|x64.ActiveCfg = Debug|Any CPU
		{0E7213BA-7734-4514-8E58-0CA65A4DE96C}.Debug|x64.Build.0 = Debug|Any CPU
		{0E7213BA-7734-4514-8E58-0CA65A4DE96C}.Debug|x86.ActiveCfg = Debug|Any CPU
		{0E7213BA-7734-4514-8E58-0CA65A4DE96C}.Debug|x86.Build.0 = Debug|Any CPU
		{0E7213BA-7734-4514-8E58-0CA65A4DE96C}.Release|Any CPU.ActiveCfg = Release|Any CPU
		{0E7213BA-7734-4514-8E58-0CA65A4DE96C}.Release|Any CPU.Build.0 = Release|Any CPU
		{0E7213BA-7734-4514-8E58-0CA65A4DE96C}.Release|x64.ActiveCfg = Release|Any CPU
		{0E7213BA-7734-4514-8E58-0CA65A4DE96C}.Release|x64.Build.0 = Release|Any CPU
		{0E7213BA-7734-4514-8E58-0CA65A4DE96C}.Release|x86.ActiveCfg = Release|Any CPU
		{0E7213BA-7734-4514-8E58-0CA65A4DE96C}.Release|x86.Build.0 = Release|Any CPU
		{8A933DBE-962D-44B8-9AB8-872AF78A9E29}.Debug|Any CPU.ActiveCfg = Debug|Any CPU
		{8A933DBE-962D-44B8-9AB8-872AF78A9E29}.Debug|Any CPU.Build.0 = Debug|Any CPU
		{8A933DBE-962D-44B8-9AB8-872AF78A9E29}.Debug|x64.ActiveCfg = Debug|Any CPU
		{8A933DBE-962D-44B8-9AB8-872AF78A9E29}.Debug|x64.Build.0 = Debug|Any CPU
		{8A933DBE-962D-44B8-9AB8-872AF78A9E29}.Debug|x86.ActiveCfg = Debug|Any CPU
		{8A933DBE-962D-44B8-9AB8-872AF78A9E29}.Debug|x86.Build.0 = Debug|Any CPU
		{8A933DBE-962D-44B8-9AB8-872AF78A9E29}.Release|Any CPU.ActiveCfg = Release|Any CPU
		{8A933DBE-962D-44B8-9AB8-872AF78A9E29}.Release|Any CPU.Build.0 = Release|Any CPU
		{8A933DBE-962D-44B8-9AB8-872AF78A9E29}.Release|x64.ActiveCfg = Release|Any CPU
		{8A933DBE-962D-44B8-9AB8-872AF78A9E29}.Release|x64.Build.0 = Release|Any CPU
		{8A933DBE-962D-44B8-9AB8-872AF78A9E29}.Release|x86.ActiveCfg = Release|Any CPU
		{8A933DBE-962D-44B8-9AB8-872AF78A9E29}.Release|x86.Build.0 = Release|Any CPU
		{7D89F4CD-59B7-4837-AC78-783C64CDD91D}.Debug|Any CPU.ActiveCfg = Debug|Any CPU
		{7D89F4CD-59B7-4837-AC78-783C64CDD91D}.Debug|Any CPU.Build.0 = Debug|Any CPU
		{7D89F4CD-59B7-4837-AC78-783C64CDD91D}.Debug|x64.ActiveCfg = Debug|Any CPU
		{7D89F4CD-59B7-4837-AC78-783C64CDD91D}.Debug|x64.Build.0 = Debug|Any CPU
		{7D89F4CD-59B7-4837-AC78-783C64CDD91D}.Debug|x86.ActiveCfg = Debug|Any CPU
		{7D89F4CD-59B7-4837-AC78-783C64CDD91D}.Debug|x86.Build.0 = Debug|Any CPU
		{7D89F4CD-59B7-4837-AC78-783C64CDD91D}.Release|Any CPU.ActiveCfg = Release|Any CPU
		{7D89F4CD-59B7-4837-AC78-783C64CDD91D}.Release|Any CPU.Build.0 = Release|Any CPU
		{7D89F4CD-59B7-4837-AC78-783C64CDD91D}.Release|x64.ActiveCfg = Release|Any CPU
		{7D89F4CD-59B7-4837-AC78-783C64CDD91D}.Release|x64.Build.0 = Release|Any CPU
		{7D89F4CD-59B7-4837-AC78-783C64CDD91D}.Release|x86.ActiveCfg = Release|Any CPU
		{7D89F4CD-59B7-4837-AC78-783C64CDD91D}.Release|x86.Build.0 = Release|Any CPU
	EndGlobalSection
	GlobalSection(SolutionProperties) = preSolution
		HideSolutionNode = FALSE
	EndGlobalSection
	GlobalSection(ExtensibilityGlobals) = postSolution
		SolutionGuid = {B055F8E9-270B-437C-A3D8-FC5ACD07959F}
	EndGlobalSection
EndGlobal
